// !$*UTF8*$!
{
	archiveVersion = 1;
	classes = {
	};
	objectVersion = 50;
	objects = {

/* Begin PBXBuildFile section */
		FD20B4332574A455006662C3 /* AppDelegate.swift in Sources */ = {isa = PBXBuildFile; fileRef = FD20B4322574A455006662C3 /* AppDelegate.swift */; };
		FD20B4352574A455006662C3 /* SceneDelegate.swift in Sources */ = {isa = PBXBuildFile; fileRef = FD20B4342574A455006662C3 /* SceneDelegate.swift */; };
		FD20B4372574A455006662C3 /* ViewController.swift in Sources */ = {isa = PBXBuildFile; fileRef = FD20B4362574A455006662C3 /* ViewController.swift */; };
		FD20B43A2574A455006662C3 /* Main.storyboard in Resources */ = {isa = PBXBuildFile; fileRef = FD20B4382574A455006662C3 /* Main.storyboard */; };
		FD20B43C2574A456006662C3 /* Assets.xcassets in Resources */ = {isa = PBXBuildFile; fileRef = FD20B43B2574A456006662C3 /* Assets.xcassets */; };
		FD20B43F2574A456006662C3 /* LaunchScreen.storyboard in Resources */ = {isa = PBXBuildFile; fileRef = FD20B43D2574A456006662C3 /* LaunchScreen.storyboard */; };
		FD20B4492576B0F9006662C3 /* Icon-72.png in Resources */ = {isa = PBXBuildFile; fileRef = FD20B4462576B0F9006662C3 /* Icon-72.png */; };
		FD20B44A2576B0F9006662C3 /* Icon.png in Resources */ = {isa = PBXBuildFile; fileRef = FD20B4472576B0F9006662C3 /* Icon.png */; };
		FD20B44B2576B0F9006662C3 /* Icon@2x.png in Resources */ = {isa = PBXBuildFile; fileRef = FD20B4482576B0F9006662C3 /* Icon@2x.png */; };
/* End PBXBuildFile section */

/* Begin PBXFileReference section */
		FD20B42F2574A455006662C3 /* Color Sliders.app */ = {isa = PBXFileReference; explicitFileType = wrapper.application; includeInIndex = 0; path = "Color Sliders.app"; sourceTree = BUILT_PRODUCTS_DIR; };
		FD20B4322574A455006662C3 /* AppDelegate.swift */ = {isa = PBXFileReference; lastKnownFileType = sourcecode.swift; path = AppDelegate.swift; sourceTree = "<group>"; };
		FD20B4342574A455006662C3 /* SceneDelegate.swift */ = {isa = PBXFileReference; lastKnownFileType = sourcecode.swift; path = SceneDelegate.swift; sourceTree = "<group>"; };
		FD20B4362574A455006662C3 /* ViewController.swift */ = {isa = PBXFileReference; lastKnownFileType = sourcecode.swift; path = ViewController.swift; sourceTree = "<group>"; };
		FD20B4392574A455006662C3 /* Base */ = {isa = PBXFileReference; lastKnownFileType = file.storyboard; name = Base; path = Base.lproj/Main.storyboard; sourceTree = "<group>"; };
		FD20B43B2574A456006662C3 /* Assets.xcassets */ = {isa = PBXFileReference; lastKnownFileType = folder.assetcatalog; path = Assets.xcassets; sourceTree = "<group>"; };
		FD20B43E2574A456006662C3 /* Base */ = {isa = PBXFileReference; lastKnownFileType = file.storyboard; name = Base; path = Base.lproj/LaunchScreen.storyboard; sourceTree = "<group>"; };
		FD20B4402574A456006662C3 /* Info.plist */ = {isa = PBXFileReference; lastKnownFileType = text.plist.xml; path = Info.plist; sourceTree = "<group>"; };
		FD20B4462576B0F9006662C3 /* Icon-72.png */ = {isa = PBXFileReference; lastKnownFileType = image.png; path = "Icon-72.png"; sourceTree = "<group>"; };
		FD20B4472576B0F9006662C3 /* Icon.png */ = {isa = PBXFileReference; lastKnownFileType = image.png; path = Icon.png; sourceTree = "<group>"; };
		FD20B4482576B0F9006662C3 /* Icon@2x.png */ = {isa = PBXFileReference; lastKnownFileType = image.png; path = "Icon@2x.png"; sourceTree = "<group>"; };
/* End PBXFileReference section */

/* Begin PBXFrameworksBuildPhase section */
		FD20B42C2574A455006662C3 /* Frameworks */ = {
			isa = PBXFrameworksBuildPhase;
			buildActionMask = 2147483647;
			files = (
			);
			runOnlyForDeploymentPostprocessing = 0;
		};
/* End PBXFrameworksBuildPhase section */

/* Begin PBXGroup section */
		FD20B4262574A455006662C3 = {
			isa = PBXGroup;
			children = (
				FD20B4312574A455006662C3 /* Color Sliders */,
				FD20B4302574A455006662C3 /* Products */,
			);
			sourceTree = "<group>";
		};
		FD20B4302574A455006662C3 /* Products */ = {
			isa = PBXGroup;
			children = (
				FD20B42F2574A455006662C3 /* Color Sliders.app */,
			);
			name = Products;
			sourceTree = "<group>";
		};
		FD20B4312574A455006662C3 /* Color Sliders */ = {
			isa = PBXGroup;
			children = (
				FD20B4462576B0F9006662C3 /* Icon-72.png */,
				FD20B4472576B0F9006662C3 /* Icon.png */,
				FD20B4482576B0F9006662C3 /* Icon@2x.png */,
				FD20B4322574A455006662C3 /* AppDelegate.swift */,
				FD20B4342574A455006662C3 /* SceneDelegate.swift */,
				FD20B4362574A455006662C3 /* ViewController.swift */,
				FD20B4382574A455006662C3 /* Main.storyboard */,
				FD20B43B2574A456006662C3 /* Assets.xcassets */,
				FD20B43D2574A456006662C3 /* LaunchScreen.storyboard */,
				FD20B4402574A456006662C3 /* Info.plist */,
			);
			path = "Color Sliders";
			sourceTree = "<group>";
		};
/* End PBXGroup section */

/* Begin PBXNativeTarget section */
		FD20B42E2574A455006662C3 /* Color Sliders */ = {
			isa = PBXNativeTarget;
			buildConfigurationList = FD20B4432574A456006662C3 /* Build configuration list for PBXNativeTarget "Color Sliders" */;
			buildPhases = (
				FD20B42B2574A455006662C3 /* Sources */,
				FD20B42C2574A455006662C3 /* Frameworks */,
				FD20B42D2574A455006662C3 /* Resources */,
			);
			buildRules = (
			);
			dependencies = (
			);
			name = "Color Sliders";
			productName = "Color Sliders";
			productReference = FD20B42F2574A455006662C3 /* Color Sliders.app */;
			productType = "com.apple.product-type.application";
		};
/* End PBXNativeTarget section */

/* Begin PBXProject section */
		FD20B4272574A455006662C3 /* Project object */ = {
			isa = PBXProject;
			attributes = {
				LastSwiftUpdateCheck = 1130;
				LastUpgradeCheck = 1130;
				ORGANIZATIONNAME = "David Fisher";
				TargetAttributes = {
					FD20B42E2574A455006662C3 = {
						CreatedOnToolsVersion = 11.3.1;
					};
				};
			};
			buildConfigurationList = FD20B42A2574A455006662C3 /* Build configuration list for PBXProject "Color Sliders" */;
			compatibilityVersion = "Xcode 9.3";
			developmentRegion = en;
			hasScannedForEncodings = 0;
			knownRegions = (
				en,
				Base,
			);
			mainGroup = FD20B4262574A455006662C3;
			productRefGroup = FD20B4302574A455006662C3 /* Products */;
			projectDirPath = "";
			projectRoot = "";
			targets = (
				FD20B42E2574A455006662C3 /* Color Sliders */,
			);
		};
/* End PBXProject section */

/* Begin PBXResourcesBuildPhase section */
		FD20B42D2574A455006662C3 /* Resources */ = {
			isa = PBXResourcesBuildPhase;
			buildActionMask = 2147483647;
			files = (
				FD20B43F2574A456006662C3 /* LaunchScreen.storyboard in Resources */,
				FD20B44B2576B0F9006662C3 /* Icon@2x.png in Resources */,
				FD20B4492576B0F9006662C3 /* Icon-72.png in Resources */,
				FD20B44A2576B0F9006662C3 /* Icon.png in Resources */,
				FD20B43C2574A456006662C3 /* Assets.xcassets in Resources */,
				FD20B43A2574A455006662C3 /* Main.storyboard in Resources */,
			);
			runOnlyForDeploymentPostprocessing = 0;
		};
/* End PBXResourcesBuildPhase section */

/* Begin PBXSourcesBuildPhase section */
		FD20B42B2574A455006662C3 /* Sources */ = {
			isa = PBXSourcesBuildPhase;
			buildActionMask = 2147483647;
			files = (
				FD20B4372574A455006662C3 /* ViewController.swift in Sources */,
				FD20B4332574A455006662C3 /* AppDelegate.swift in Sources */,
				FD20B4352574A455006662C3 /* SceneDelegate.swift in Sources */,
			);
			runOnlyForDeploymentPostprocessing = 0;
		};
/* End PBXSourcesBuildPhase section */

/* Begin PBXVariantGroup section */
		FD20B4382574A455006662C3 /* Main.storyboard */ = {
			isa = PBXVariantGroup;
			children = (
				FD20B4392574A455006662C3 /* Base */,
			);
			name = Main.storyboard;
			sourceTree = "<group>";
		};
		FD20B43D2574A456006662C3 /* LaunchScreen.storyboard */ = {
			isa = PBXVariantGroup;
			children = (
				FD20B43E2574A456006662C3 /* Base */,
			);
			name = LaunchScreen.storyboard;
			sourceTree = "<group>";
		};
/* End PBXVariantGroup section */

/* Begin XCBuildConfiguration section */
		FD20B4412574A456006662C3 /* Debug */ = {
			isa = XCBuildConfiguration;
			buildSettings = {
				ALWAYS_SEARCH_USER_PATHS = NO;
				CLANG_ANALYZER_NONNULL = YES;
				CLANG_ANALYZER_NUMBER_OBJECT_CONVERSION = YES_AGGRESSIVE;
				CLANG_CXX_LANGUAGE_STANDARD = "gnu++14";
				CLANG_CXX_LIBRARY = "libc++";
				CLANG_ENABLE_MODULES = YES;
				CLANG_ENABLE_OBJC_ARC = YES;
				CLANG_ENABLE_OBJC_WEAK = YES;
				CLANG_WARN_BLOCK_CAPTURE_AUTORELEASING = YES;
				CLANG_WARN_BOOL_CONVERSION = YES;
				CLANG_WARN_COMMA = YES;
				CLANG_WARN_CONSTANT_CONVERSION = YES;
				CLANG_WARN_DEPRECATED_OBJC_IMPLEMENTATIONS = YES;
				CLANG_WARN_DIRECT_OBJC_ISA_USAGE = YES_ERROR;
				CLANG_WARN_DOCUMENTATION_COMMENTS = YES;
				CLANG_WARN_EMPTY_BODY = YES;
				CLANG_WARN_ENUM_CONVERSION = YES;
				CLANG_WARN_INFINITE_RECURSION = YES;
				CLANG_WARN_INT_CONVERSION = YES;
				CLANG_WARN_NON_LITERAL_NULL_CONVERSION = YES;
				CLANG_WARN_OBJC_IMPLICIT_RETAIN_SELF = YES;
				CLANG_WARN_OBJC_LITERAL_CONVERSION = YES;
				CLANG_WARN_OBJC_ROOT_CLASS = YES_ERROR;
				CLANG_WARN_RANGE_LOOP_ANALYSIS = YES;
				CLANG_WARN_STRICT_PROTOTYPES = YES;
				CLANG_WARN_SUSPICIOUS_MOVE = YES;
				CLANG_WARN_UNGUARDED_AVAILABILITY = YES_AGGRESSIVE;
				CLANG_WARN_UNREACHABLE_CODE = YES;
				CLANG_WARN__DUPLICATE_METHOD_MATCH = YES;
				COPY_PHASE_STRIP = NO;
				DEBUG_INFORMATION_FORMAT = dwarf;
				ENABLE_STRICT_OBJC_MSGSEND = YES;
				ENABLE_TESTABILITY = YES;
				GCC_C_LANGUAGE_STANDARD = gnu11;
				GCC_DYNAMIC_NO_PIC = NO;
				GCC_NO_COMMON_BLOCKS = YES;
				GCC_OPTIMIZATION_LEVEL = 0;
				GCC_PREPROCESSOR_DEFINITIONS = (
					"DEBUG=1",
					"$(inherited)",
				);
				GCC_WARN_64_TO_32_BIT_CONVERSION = YES;
				GCC_WARN_ABOUT_RETURN_TYPE = YES_ERROR;
				GCC_WARN_UNDECLARED_SELECTOR = YES;
				GCC_WARN_UNINITIALIZED_AUTOS = YES_AGGRESSIVE;
				GCC_WARN_UNUSED_FUNCTION = YES;
				GCC_WARN_UNUSED_VARIABLE = YES;
				IPHONEOS_DEPLOYMENT_TARGET = 13.2;
				MTL_ENABLE_DEBUG_INFO = INCLUDE_SOURCE;
				MTL_FAST_MATH = YES;
				ONLY_ACTIVE_ARCH = YES;
				SDKROOT = iphoneos;
				SWIFT_ACTIVE_COMPILATION_CONDITIONS = DEBUG;
				SWIFT_OPTIMIZATION_LEVEL = "-Onone";
			};
			name = Debug;
		};
		FD20B4422574A456006662C3 /* Release */ = {
			isa = XCBuildConfiguration;
			buildSettings = {
				ALWAYS_SEARCH_USER_PATHS = NO;
				CLANG_ANALYZER_NONNULL = YES;
				CLANG_ANALYZER_NUMBER_OBJECT_CONVERSION = YES_AGGRESSIVE;
				CLANG_CXX_LANGUAGE_STANDARD = "gnu++14";
				CLANG_CXX_LIBRARY = "libc++";
				CLANG_ENABLE_MODULES = YES;
				CLANG_ENABLE_OBJC_ARC = YES;
				CLANG_ENABLE_OBJC_WEAK = YES;
				CLANG_WARN_BLOCK_CAPTURE_AUTORELEASING = YES;
				CLANG_WARN_BOOL_CONVERSION = YES;
				CLANG_WARN_COMMA = YES;
				CLANG_WARN_CONSTANT_CONVERSION = YES;
				CLANG_WARN_DEPRECATED_OBJC_IMPLEMENTATIONS = YES;
				CLANG_WARN_DIRECT_OBJC_ISA_USAGE = YES_ERROR;
				CLANG_WARN_DOCUMENTATION_COMMENTS = YES;
				CLANG_WARN_EMPTY_BODY = YES;
				CLANG_WARN_ENUM_CONVERSION = YES;
				CLANG_WARN_INFINITE_RECURSION = YES;
				CLANG_WARN_INT_CONVERSION = YES;
				CLANG_WARN_NON_LITERAL_NULL_CONVERSION = YES;
				CLANG_WARN_OBJC_IMPLICIT_RETAIN_SELF = YES;
				CLANG_WARN_OBJC_LITERAL_CONVERSION = YES;
				CLANG_WARN_OBJC_ROOT_CLASS = YES_ERROR;
				CLANG_WARN_RANGE_LOOP_ANALYSIS = YES;
				CLANG_WARN_STRICT_PROTOTYPES = YES;
				CLANG_WARN_SUSPICIOUS_MOVE = YES;
				CLANG_WARN_UNGUARDED_AVAILABILITY = YES_AGGRESSIVE;
				CLANG_WARN_UNREACHABLE_CODE = YES;
				CLANG_WARN__DUPLICATE_METHOD_MATCH = YES;
				COPY_PHASE_STRIP = NO;
				DEBUG_INFORMATION_FORMAT = "dwarf-with-dsym";
				ENABLE_NS_ASSERTIONS = NO;
				ENABLE_STRICT_OBJC_MSGSEND = YES;
				GCC_C_LANGUAGE_STANDARD = gnu11;
				GCC_NO_COMMON_BLOCKS = YES;
				GCC_WARN_64_TO_32_BIT_CONVERSION = YES;
				GCC_WARN_ABOUT_RETURN_TYPE = YES_ERROR;
				GCC_WARN_UNDECLARED_SELECTOR = YES;
				GCC_WARN_UNINITIALIZED_AUTOS = YES_AGGRESSIVE;
				GCC_WARN_UNUSED_FUNCTION = YES;
				GCC_WARN_UNUSED_VARIABLE = YES;
				IPHONEOS_DEPLOYMENT_TARGET = 13.2;
				MTL_ENABLE_DEBUG_INFO = NO;
				MTL_FAST_MATH = YES;
				SDKROOT = iphoneos;
				SWIFT_COMPILATION_MODE = wholemodule;
				SWIFT_OPTIMIZATION_LEVEL = "-O";
				VALIDATE_PRODUCT = YES;
			};
			name = Release;
		};
		FD20B4442574A456006662C3 /* Debug */ = {
			isa = XCBuildConfiguration;
			buildSettings = {
				ASSETCATALOG_COMPILER_APPICON_NAME = AppIcon;
				CODE_SIGN_STYLE = Automatic;
				DEVELOPMENT_TEAM = TGL44JG796;
				INFOPLIST_FILE = "Color Sliders/Info.plist";
				LD_RUNPATH_SEARCH_PATHS = (
					"$(inherited)",
					"@executable_path/Frameworks",
				);
				PRODUCT_BUNDLE_IDENTIFIER = "edu.rose-hulman.fisherds.Color-Sliders";
				PRODUCT_NAME = "$(TARGET_NAME)";
				SWIFT_VERSION = 5.0;
				TARGETED_DEVICE_FAMILY = "1,2";
			};
			name = Debug;
		};
		FD20B4452574A456006662C3 /* Release */ = {
			isa = XCBuildConfiguration;
			buildSettings = {
				ASSETCATALOG_COMPILER_APPICON_NAME = AppIcon;
				CODE_SIGN_STYLE = Automatic;
				DEVELOPMENT_TEAM = TGL44JG796;
				INFOPLIST_FILE = "Color Sliders/Info.plist";
				LD_RUNPATH_SEARCH_PATHS = (
					"$(inherited)",
					"@executable_path/Frameworks",
				);
				PRODUCT_BUNDLE_IDENTIFIER = "edu.rose-hulman.fisherds.Color-Sliders";
				PRODUCT_NAME = "$(TARGET_NAME)";
				SWIFT_VERSION = 5.0;
				TARGETED_DEVICE_FAMILY = "1,2";
			};
			name = Release;
		};
/* End XCBuildConfiguration section */

/* Begin XCConfigurationList section */
		FD20B42A2574A455006662C3 /* Build configuration list for PBXProject "Color Sliders" */ = {
			isa = XCConfigurationList;
			buildConfigurations = (
				FD20B4412574A456006662C3 /* Debug */,
				FD20B4422574A456006662C3 /* Release */,
			);
			defaultConfigurationIsVisible = 0;
			defaultConfigurationName = Release;
		};
		FD20B4432574A456006662C3 /* Build configuration list for PBXNativeTarget "Color Sliders" */ = {
			isa = XCConfigurationList;
			buildConfigurations = (
				FD20B4442574A456006662C3 /* Debug */,
				FD20B4452574A456006662C3 /* Release */,
			);
			defaultConfigurationIsVisible = 0;
			defaultConfigurationName = Release;
		};
/* End XCConfigurationList section */
	};
	rootObject = FD20B4272574A455006662C3 /* Project object */;
}
